
Microsoft Visual Studio Solution File, Format Version 12.00
# Visual Studio Version 17
VisualStudioVersion = 17.10.35013.160
MinimumVisualStudioVersion = 10.0.40219.1
Project("{FAE04EC0-301F-11D3-BF4B-00C04F79EFBC}") = "GrapesJSIntegration", "GrapesJSIntegration\GrapesJSIntegration.csproj", "{139C79F1-3335-48FB-9B97-8A86D5C9647C}"
EndProject
Global
	GlobalSection(SolutionConfigurationPlatforms) = preSolution
		Debug|Any CPU = Debug|Any CPU
		Release|Any CPU = Release|Any CPU
	EndGlobalSection
	GlobalSection(ProjectConfigurationPlatforms) = postSolution
		{139C79F1-3335-48FB-9B97-8A86D5C9647C}.Debug|Any CPU.ActiveCfg = Debug|Any CPU
		{139C79F1-3335-48FB-9B97-8A86D5C9647C}.Debug|Any CPU.Build.0 = Debug|Any CPU
		{139C79F1-3335-48FB-9B97-8A86D5C9647C}.Release|Any CPU.ActiveCfg = Release|Any CPU
		{139C79F1-3335-48FB-9B97-8A86D5C9647C}.Release|Any CPU.Build.0 = Release|Any CPU
	EndGlobalSection
	GlobalSection(SolutionProperties) = preSolution
		HideSolutionNode = FALSE
	EndGlobalSection
	GlobalSection(ExtensibilityGlobals) = postSolution
		SolutionGuid = {21F5AAA1-F8EE-405F-B4AD-24AC71E2A3E0}
	EndGlobalSection
EndGlobal
